<<<<<<< Updated upstream
github.com/HugoBlox/hugo-blox-builder/modules/blox-plugin-netlify v1.2.0 h1:I0urN3LANA8Cv+y5Nk05D44x4d1mj00NrPSmoFKtiKg=
github.com/HugoBlox/hugo-blox-builder/modules/blox-plugin-netlify v1.2.0/go.mod h1:C7jfxMLv1bEUqbM9XDSmEpfOpS8w06OgqNDEcbuRgL4=
github.com/HugoBlox/hugo-blox-builder/modules/blox-plugin-reveal v1.2.4 h1:Y9moOoDf7yePBCUHrHwIQwpli/mZ7w0/WP9fvvu2oAA=
github.com/HugoBlox/hugo-blox-builder/modules/blox-plugin-reveal v1.2.4/go.mod h1:rc3iv07XFylONQor5A4GdjTffe4asUSdnC1VgzmQ5+s=
github.com/HugoBlox/hugo-blox-builder/modules/blox-tailwind v0.10.0 h1:LZnRHMenSA0UJqVGKS3Unk+W+y2IDiYRzdCaGueoFzc=
github.com/HugoBlox/hugo-blox-builder/modules/blox-tailwind v0.10.0/go.mod h1:iiKLoehg9IqQd0R4jUfhl+wvJCiXPNgV88A/V8iKSLY=
github.com/HugoBlox/kit/modules/blox v0.0.0-20260219145709-764756ab501c h1:0os5x5rYcF5qY36u/WOP5JSjKxWV7hpR734TrkQus84=
github.com/HugoBlox/kit/modules/blox v0.0.0-20260219145709-764756ab501c/go.mod h1:0F2Ss2NeylmaBP7+qx0U6zFPeMZ9NoLbAQakKXDqygo=
github.com/HugoBlox/kit/modules/integrations/netlify v0.0.0-20260102210655-66cba27dc652 h1:KdTgOy8hzPOUJcMyR6Tp2k3tyaJzoxz2e1zaddcG0uk=
github.com/HugoBlox/kit/modules/integrations/netlify v0.0.0-20260102210655-66cba27dc652/go.mod h1:UuppRGml2K1EmlDkN+HemycohgZLjOy0QPGYOnoPnY4=
github.com/HugoBlox/kit/modules/slides v0.0.0-20260219151239-9965378d1853 h1:P/dUMpwhqh6Pb3owkr7JJHosUIFi0TnJSqsI/5Ks3dc=
github.com/HugoBlox/kit/modules/slides v0.0.0-20260219151239-9965378d1853/go.mod h1:/XTQAtd2KCiwg/GVMAoSzKPf/DYPVbAAEysmBdWgYu4=
=======
github.com/HugoBlox/hugo-blox-builder/modules/blox-plugin-netlify v0.0.0-20251215001347-c72b26de8d15 h1:kK7WGIwmMcQS1DiIkpyTwToBf3som+dL7EraGgpC88g=
github.com/HugoBlox/hugo-blox-builder/modules/blox-plugin-netlify v0.0.0-20251215001347-c72b26de8d15/go.mod h1:C7jfxMLv1bEUqbM9XDSmEpfOpS8w06OgqNDEcbuRgL4=
github.com/HugoBlox/hugo-blox-builder/modules/blox-plugin-reveal v0.0.0-20251214235550-d15979197a2a h1:CLPCH2xu/TmZsir9sMAtg0sbBIjMhzp+LwVrrviub1k=
github.com/HugoBlox/hugo-blox-builder/modules/blox-plugin-reveal v0.0.0-20251214235550-d15979197a2a/go.mod h1:rc3iv07XFylONQor5A4GdjTffe4asUSdnC1VgzmQ5+s=
github.com/HugoBlox/hugo-blox-builder/modules/blox-tailwind v0.0.0-20251214032829-73b5f7d5758a h1:2JpJHmboUMvlW8ZHLnc2Zb9PlULB0huwYq3/DfjEU6k=
github.com/HugoBlox/hugo-blox-builder/modules/blox-tailwind v0.0.0-20251214032829-73b5f7d5758a/go.mod h1:blQEm4Y+xVVX9OTVDnO+p0MwHTy3hQdpU6pZK659DiI=
>>>>>>> Stashed changes
